
Microsoft Visual Studio Solution File, Format Version 12.00
# Visual Studio 2013
VisualStudioVersion = 12.0.21005.1
MinimumVisualStudioVersion = 10.0.40219.1
Project("{FAE04EC0-301F-11D3-BF4B-00C04F79EFBC}") = "repomonitor-core", "src\main\repomonitor-core.csproj", "{3C50D8E2-971B-46CE-96FA-B2B938F79590}"
EndProject
Project("{FAE04EC0-301F-11D3-BF4B-00C04F79EFBC}") = "repomonitor-core-tests", "src\test\repomonitor-core-tests.csproj", "{F96B09B0-D803-4BB5-8B73-44A74D67B986}"
EndProject
Project("{2150E333-8FDC-42A3-9474-1A3956D46DE8}") = ".nuget", ".nuget", "{9AA2A425-1F66-4C23-ADF4-2035E661AB21}"
	ProjectSection(SolutionItems) = preProject
		.nuget\packages.config = .nuget\packages.config
	EndProjectSection
EndProject
Global
	GlobalSection(SolutionConfigurationPlatforms) = preSolution
		Debug|AnyCPU = Debug|AnyCPU
		Release|AnyCPU = Release|AnyCPU
	EndGlobalSection
	GlobalSection(ProjectConfigurationPlatforms) = postSolution
		{3C50D8E2-971B-46CE-96FA-B2B938F79590}.Debug|AnyCPU.ActiveCfg = Debug|AnyCPU
		{3C50D8E2-971B-46CE-96FA-B2B938F79590}.Debug|AnyCPU.Build.0 = Debug|AnyCPU
		{3C50D8E2-971B-46CE-96FA-B2B938F79590}.Release|AnyCPU.ActiveCfg = Release|AnyCPU
		{3C50D8E2-971B-46CE-96FA-B2B938F79590}.Release|AnyCPU.Build.0 = Release|AnyCPU
		{F96B09B0-D803-4BB5-8B73-44A74D67B986}.Debug|AnyCPU.ActiveCfg = Debug|AnyCPU
		{F96B09B0-D803-4BB5-8B73-44A74D67B986}.Debug|AnyCPU.Build.0 = Debug|AnyCPU
		{F96B09B0-D803-4BB5-8B73-44A74D67B986}.Release|AnyCPU.ActiveCfg = Release|AnyCPU
		{F96B09B0-D803-4BB5-8B73-44A74D67B986}.Release|AnyCPU.Build.0 = Release|AnyCPU
	EndGlobalSection
	GlobalSection(SolutionProperties) = preSolution
		HideSolutionNode = FALSE
	EndGlobalSection
EndGlobal
